PODS:
  - Flutter (1.0.0)
  - install_plugin (0.0.1):
    - Flutter

DEPENDENCIES:
  - Flutter (from `.symlinks/flutter/ios`)
  - install_plugin (from `.symlinks/plugins/install_plugin/ios`)

EXTERNAL SOURCES:
  Flutter:
    :path: ".symlinks/flutter/ios"
  install_plugin:
    :path: ".symlinks/plugins/install_plugin/ios"

SPEC CHECKSUMS:
  Flutter: 9d0fac939486c9aba2809b7982dfdbb47a7b0296
  install_plugin: af45a30afc6189f9cca7f135d0aecaca43f7f984

PODFILE CHECKSUM: 7765ea4305eaab0b3dfd384c7de11902aa3195fd

COCOAPODS: 1.5.3
